{
  "name": "momo",
  "lockfileVersion": 3,
  "requires": true,
  "packages": {
    "": {
      "name": "momo",
      "dependencies": {
        "hastscript": "^9.0.0",
        "react": "^18.3.1",
        "react-bootstrap": "^2.10.2",
        "react-dom": "^18.3.1",
        "remark": "^15.0.1",
        "remark-breaks": "^4.0.0",
        "remark-directive": "^3.0.0",
        "remark-extract-frontmatter": "^3.2.0",
        "remark-frontmatter": "^5.0.0",
        "remark-parse": "^11.0.0",
        "unified": "^11.0.4",
        "unist-util-inspect": "^8.0.0",
        "yaml": "^2.4.2"
      },
      "devDependencies": {
        "@types/bun": "latest",
        "@types/react": "^18.3.1",
        "@types/react-dom": "^18.3.0"
      },
      "peerDependencies": {
        "typescript": "^5.0.0"
      }
    },
    "node_modules/@babel/runtime": {
      "version": "7.24.5",
      "license": "MIT",
      "dependencies": {
        "regenerator-runtime": "^0.14.0"
      },
      "engines": {
        "node": ">=6.9.0"
      }
    },
    "node_modules/@popperjs/core": {
      "version": "2.11.8",
      "license": "MIT",
      "funding": {
        "type": "opencollective",
        "url": "https://opencollective.com/popperjs"
      }
    },
    "node_modules/@react-aria/ssr": {
      "version": "3.9.3",
      "license": "Apache-2.0",
      "dependencies": {
        "@swc/helpers": "^0.5.0"
      },
      "engines": {
        "node": ">= 12"
      },
      "peerDependencies": {
        "react": "^16.8.0 || ^17.0.0-rc.1 || ^18.0.0"
      }
    },
    "node_modules/@restart/hooks": {
      "version": "0.4.16",
      "license": "MIT",
      "dependencies": {
        "dequal": "^2.0.3"
      },
      "peerDependencies": {
        "react": ">=16.8.0"
      }
    },
    "node_modules/@restart/ui": {
      "version": "1.6.8",
      "license": "MIT",
      "dependencies": {
        "@babel/runtime": "^7.21.0",
        "@popperjs/core": "^2.11.6",
        "@react-aria/ssr": "^3.5.0",
        "@restart/hooks": "^0.4.9",
        "@types/warning": "^3.0.0",
        "dequal": "^2.0.3",
        "dom-helpers": "^5.2.0",
        "uncontrollable": "^8.0.1",
        "warning": "^4.0.3"
      },
      "peerDependencies": {
        "react": ">=16.14.0",
        "react-dom": ">=16.14.0"
      }
    },
    "node_modules/@restart/ui/node_modules/uncontrollable": {
      "version": "8.0.4",
      "license": "MIT",
      "peerDependencies": {
        "react": ">=16.14.0"
      }
    },
    "node_modules/@swc/helpers": {
      "version": "0.5.11",
      "license": "Apache-2.0",
      "dependencies": {
        "tslib": "^2.4.0"
      }
    },
    "node_modules/@types/bun": {
      "version": "1.1.1",
      "resolved": "https://registry.npmjs.org/@types/bun/-/bun-1.1.1.tgz",
      "integrity": "sha512-lUe9rLMhgDCViciZtgDj5CMl2u7uTq/IP149kSZH/Si6FWkCioximABFf+baRQgbm8QlH4bzT0qJRteQFNqeGA==",
      "dev": true,
      "dependencies": {
        "bun-types": "1.1.6"
      }
    },
    "node_modules/@types/debug": {
      "version": "4.1.12",
      "license": "MIT",
      "dependencies": {
        "@types/ms": "*"
      }
    },
    "node_modules/@types/hast": {
      "version": "3.0.4",
      "license": "MIT",
      "dependencies": {
        "@types/unist": "*"
      }
    },
    "node_modules/@types/mdast": {
      "version": "4.0.3",
      "license": "MIT",
      "dependencies": {
        "@types/unist": "*"
      }
    },
    "node_modules/@types/ms": {
      "version": "0.7.34",
      "license": "MIT"
    },
    "node_modules/@types/node": {
      "version": "20.11.30",
      "dev": true,
      "license": "MIT",
      "dependencies": {
        "undici-types": "~5.26.4"
      }
    },
    "node_modules/@types/prop-types": {
      "version": "15.7.12",
      "license": "MIT"
    },
    "node_modules/@types/react": {
      "version": "18.3.1",
      "license": "MIT",
      "dependencies": {
        "@types/prop-types": "*",
        "csstype": "^3.0.2"
      }
    },
    "node_modules/@types/react-dom": {
      "version": "18.3.0",
      "dev": true,
      "license": "MIT",
      "dependencies": {
        "@types/react": "*"
      }
    },
    "node_modules/@types/react-transition-group": {
      "version": "4.4.10",
      "license": "MIT",
      "dependencies": {
        "@types/react": "*"
      }
    },
    "node_modules/@types/unist": {
      "version": "3.0.2",
      "license": "MIT"
    },
    "node_modules/@types/warning": {
      "version": "3.0.3",
      "license": "MIT"
    },
    "node_modules/@types/ws": {
      "version": "8.5.10",
      "dev": true,
      "license": "MIT",
      "dependencies": {
        "@types/node": "*"
      }
    },
    "node_modules/bail": {
      "version": "2.0.2",
      "license": "MIT",
      "funding": {
        "type": "github",
        "url": "https://github.com/sponsors/wooorm"
      }
    },
    "node_modules/bun-types": {
      "version": "1.1.6",
      "dev": true,
      "license": "MIT",
      "dependencies": {
        "@types/node": "~20.11.3",
        "@types/ws": "~8.5.10"
      }
    },
    "node_modules/character-entities": {
      "version": "2.0.2",
      "license": "MIT",
      "funding": {
        "type": "github",
        "url": "https://github.com/sponsors/wooorm"
      }
    },
    "node_modules/character-entities-html4": {
      "version": "2.1.0",
      "license": "MIT",
      "funding": {
        "type": "github",
        "url": "https://github.com/sponsors/wooorm"
      }
    },
    "node_modules/character-entities-legacy": {
      "version": "3.0.0",
      "license": "MIT",
      "funding": {
        "type": "github",
        "url": "https://github.com/sponsors/wooorm"
      }
    },
    "node_modules/character-reference-invalid": {
      "version": "2.0.1",
      "license": "MIT",
      "funding": {
        "type": "github",
        "url": "https://github.com/sponsors/wooorm"
      }
    },
    "node_modules/classnames": {
      "version": "2.5.1",
      "license": "MIT"
    },
    "node_modules/comma-separated-tokens": {
      "version": "2.0.3",
      "license": "MIT",
      "funding": {
        "type": "github",
        "url": "https://github.com/sponsors/wooorm"
      }
    },
    "node_modules/csstype": {
      "version": "3.1.3",
      "license": "MIT"
    },
    "node_modules/debug": {
      "version": "4.3.4",
      "license": "MIT",
      "dependencies": {
        "ms": "2.1.2"
      },
      "engines": {
        "node": ">=6.0"
      },
      "peerDependenciesMeta": {
        "supports-color": {
          "optional": true
        }
      }
    },
    "node_modules/decode-named-character-reference": {
      "version": "1.0.2",
      "license": "MIT",
      "dependencies": {
        "character-entities": "^2.0.0"
      },
      "funding": {
        "type": "github",
        "url": "https://github.com/sponsors/wooorm"
      }
    },
    "node_modules/dequal": {
      "version": "2.0.3",
      "license": "MIT",
      "engines": {
        "node": ">=6"
      }
    },
    "node_modules/devlop": {
      "version": "1.1.0",
      "license": "MIT",
      "dependencies": {
        "dequal": "^2.0.0"
      },
      "funding": {
        "type": "github",
        "url": "https://github.com/sponsors/wooorm"
      }
    },
    "node_modules/dom-helpers": {
      "version": "5.2.1",
      "license": "MIT",
      "dependencies": {
        "@babel/runtime": "^7.8.7",
        "csstype": "^3.0.2"
      }
    },
    "node_modules/escape-string-regexp": {
      "version": "5.0.0",
      "license": "MIT",
      "engines": {
        "node": ">=12"
      },
      "funding": {
        "url": "https://github.com/sponsors/sindresorhus"
      }
    },
    "node_modules/extend": {
      "version": "3.0.2",
      "license": "MIT"
    },
    "node_modules/fault": {
      "version": "2.0.1",
      "license": "MIT",
      "dependencies": {
        "format": "^0.2.0"
      },
      "funding": {
        "type": "github",
        "url": "https://github.com/sponsors/wooorm"
      }
    },
    "node_modules/format": {
      "version": "0.2.2",
      "engines": {
        "node": ">=0.4.x"
      }
    },
    "node_modules/hast-util-parse-selector": {
      "version": "4.0.0",
      "license": "MIT",
      "dependencies": {
        "@types/hast": "^3.0.0"
      },
      "funding": {
        "type": "opencollective",
        "url": "https://opencollective.com/unified"
      }
    },
    "node_modules/hastscript": {
      "version": "9.0.0",
      "license": "MIT",
      "dependencies": {
        "@types/hast": "^3.0.0",
        "comma-separated-tokens": "^2.0.0",
        "hast-util-parse-selector": "^4.0.0",
        "property-information": "^6.0.0",
        "space-separated-tokens": "^2.0.0"
      },
      "funding": {
        "type": "opencollective",
        "url": "https://opencollective.com/unified"
      }
    },
    "node_modules/invariant": {
      "version": "2.2.4",
      "license": "MIT",
      "dependencies": {
        "loose-envify": "^1.0.0"
      }
    },
    "node_modules/is-alphabetical": {
      "version": "2.0.1",
      "license": "MIT",
      "funding": {
        "type": "github",
        "url": "https://github.com/sponsors/wooorm"
      }
    },
    "node_modules/is-alphanumerical": {
      "version": "2.0.1",
      "license": "MIT",
      "dependencies": {
        "is-alphabetical": "^2.0.0",
        "is-decimal": "^2.0.0"
      },
      "funding": {
        "type": "github",
        "url": "https://github.com/sponsors/wooorm"
      }
    },
    "node_modules/is-decimal": {
      "version": "2.0.1",
      "license": "MIT",
      "funding": {
        "type": "github",
        "url": "https://github.com/sponsors/wooorm"
      }
    },
    "node_modules/is-hexadecimal": {
      "version": "2.0.1",
      "license": "MIT",
      "funding": {
        "type": "github",
        "url": "https://github.com/sponsors/wooorm"
      }
    },
    "node_modules/is-plain-obj": {
      "version": "4.1.0",
      "license": "MIT",
      "engines": {
        "node": ">=12"
      },
      "funding": {
        "url": "https://github.com/sponsors/sindresorhus"
      }
    },
    "node_modules/js-tokens": {
      "version": "4.0.0",
      "license": "MIT"
    },
    "node_modules/longest-streak": {
      "version": "3.1.0",
      "license": "MIT",
      "funding": {
        "type": "github",
        "url": "https://github.com/sponsors/wooorm"
      }
    },
    "node_modules/loose-envify": {
      "version": "1.4.0",
      "license": "MIT",
      "dependencies": {
        "js-tokens": "^3.0.0 || ^4.0.0"
      },
      "bin": {
        "loose-envify": "cli.js"
      }
    },
    "node_modules/mdast-util-directive": {
      "version": "3.0.0",
      "license": "MIT",
      "dependencies": {
        "@types/mdast": "^4.0.0",
        "@types/unist": "^3.0.0",
        "devlop": "^1.0.0",
        "mdast-util-from-markdown": "^2.0.0",
        "mdast-util-to-markdown": "^2.0.0",
        "parse-entities": "^4.0.0",
        "stringify-entities": "^4.0.0",
        "unist-util-visit-parents": "^6.0.0"
      },
      "funding": {
        "type": "opencollective",
        "url": "https://opencollective.com/unified"
      }
    },
    "node_modules/mdast-util-find-and-replace": {
      "version": "3.0.1",
      "license": "MIT",
      "dependencies": {
        "@types/mdast": "^4.0.0",
        "escape-string-regexp": "^5.0.0",
        "unist-util-is": "^6.0.0",
        "unist-util-visit-parents": "^6.0.0"
      },
      "funding": {
        "type": "opencollective",
        "url": "https://opencollective.com/unified"
      }
    },
    "node_modules/mdast-util-from-markdown": {
      "version": "2.0.0",
      "license": "MIT",
      "dependencies": {
        "@types/mdast": "^4.0.0",
        "@types/unist": "^3.0.0",
        "decode-named-character-reference": "^1.0.0",
        "devlop": "^1.0.0",
        "mdast-util-to-string": "^4.0.0",
        "micromark": "^4.0.0",
        "micromark-util-decode-numeric-character-reference": "^2.0.0",
        "micromark-util-decode-string": "^2.0.0",
        "micromark-util-normalize-identifier": "^2.0.0",
        "micromark-util-symbol": "^2.0.0",
        "micromark-util-types": "^2.0.0",
        "unist-util-stringify-position": "^4.0.0"
      },
      "funding": {
        "type": "opencollective",
        "url": "https://opencollective.com/unified"
      }
    },
    "node_modules/mdast-util-frontmatter": {
      "version": "2.0.1",
      "license": "MIT",
      "dependencies": {
        "@types/mdast": "^4.0.0",
        "devlop": "^1.0.0",
        "escape-string-regexp": "^5.0.0",
        "mdast-util-from-markdown": "^2.0.0",
        "mdast-util-to-markdown": "^2.0.0",
        "micromark-extension-frontmatter": "^2.0.0"
      },
      "funding": {
        "type": "opencollective",
        "url": "https://opencollective.com/unified"
      }
    },
    "node_modules/mdast-util-newline-to-break": {
      "version": "2.0.0",
      "license": "MIT",
      "dependencies": {
        "@types/mdast": "^4.0.0",
        "mdast-util-find-and-replace": "^3.0.0"
      },
      "funding": {
        "type": "opencollective",
        "url": "https://opencollective.com/unified"
      }
    },
    "node_modules/mdast-util-phrasing": {
      "version": "4.1.0",
      "license": "MIT",
      "dependencies": {
        "@types/mdast": "^4.0.0",
        "unist-util-is": "^6.0.0"
      },
      "funding": {
        "type": "opencollective",
        "url": "https://opencollective.com/unified"
      }
    },
    "node_modules/mdast-util-to-markdown": {
      "version": "2.1.0",
      "license": "MIT",
      "dependencies": {
        "@types/mdast": "^4.0.0",
        "@types/unist": "^3.0.0",
        "longest-streak": "^3.0.0",
        "mdast-util-phrasing": "^4.0.0",
        "mdast-util-to-string": "^4.0.0",
        "micromark-util-decode-string": "^2.0.0",
        "unist-util-visit": "^5.0.0",
        "zwitch": "^2.0.0"
      },
      "funding": {
        "type": "opencollective",
        "url": "https://opencollective.com/unified"
      }
    },
    "node_modules/mdast-util-to-string": {
      "version": "4.0.0",
      "license": "MIT",
      "dependencies": {
        "@types/mdast": "^4.0.0"
      },
      "funding": {
        "type": "opencollective",
        "url": "https://opencollective.com/unified"
      }
    },
    "node_modules/micromark": {
      "version": "4.0.0",
      "funding": [
        {
          "type": "GitHub Sponsors",
          "url": "https://github.com/sponsors/unifiedjs"
        },
        {
          "type": "OpenCollective",
          "url": "https://opencollective.com/unified"
        }
      ],
      "license": "MIT",
      "dependencies": {
        "@types/debug": "^4.0.0",
        "debug": "^4.0.0",
        "decode-named-character-reference": "^1.0.0",
        "devlop": "^1.0.0",
        "micromark-core-commonmark": "^2.0.0",
        "micromark-factory-space": "^2.0.0",
        "micromark-util-character": "^2.0.0",
        "micromark-util-chunked": "^2.0.0",
        "micromark-util-combine-extensions": "^2.0.0",
        "micromark-util-decode-numeric-character-reference": "^2.0.0",
        "micromark-util-encode": "^2.0.0",
        "micromark-util-normalize-identifier": "^2.0.0",
        "micromark-util-resolve-all": "^2.0.0",
        "micromark-util-sanitize-uri": "^2.0.0",
        "micromark-util-subtokenize": "^2.0.0",
        "micromark-util-symbol": "^2.0.0",
        "micromark-util-types": "^2.0.0"
      }
    },
    "node_modules/micromark-core-commonmark": {
      "version": "2.0.1",
      "funding": [
        {
          "type": "GitHub Sponsors",
          "url": "https://github.com/sponsors/unifiedjs"
        },
        {
          "type": "OpenCollective",
          "url": "https://opencollective.com/unified"
        }
      ],
      "license": "MIT",
      "dependencies": {
        "decode-named-character-reference": "^1.0.0",
        "devlop": "^1.0.0",
        "micromark-factory-destination": "^2.0.0",
        "micromark-factory-label": "^2.0.0",
        "micromark-factory-space": "^2.0.0",
        "micromark-factory-title": "^2.0.0",
        "micromark-factory-whitespace": "^2.0.0",
        "micromark-util-character": "^2.0.0",
        "micromark-util-chunked": "^2.0.0",
        "micromark-util-classify-character": "^2.0.0",
        "micromark-util-html-tag-name": "^2.0.0",
        "micromark-util-normalize-identifier": "^2.0.0",
        "micromark-util-resolve-all": "^2.0.0",
        "micromark-util-subtokenize": "^2.0.0",
        "micromark-util-symbol": "^2.0.0",
        "micromark-util-types": "^2.0.0"
      }
    },
    "node_modules/micromark-extension-directive": {
      "version": "3.0.0",
      "license": "MIT",
      "dependencies": {
        "devlop": "^1.0.0",
        "micromark-factory-space": "^2.0.0",
        "micromark-factory-whitespace": "^2.0.0",
        "micromark-util-character": "^2.0.0",
        "micromark-util-symbol": "^2.0.0",
        "micromark-util-types": "^2.0.0",
        "parse-entities": "^4.0.0"
      },
      "funding": {
        "type": "opencollective",
        "url": "https://opencollective.com/unified"
      }
    },
    "node_modules/micromark-extension-frontmatter": {
      "version": "2.0.0",
      "license": "MIT",
      "dependencies": {
        "fault": "^2.0.0",
        "micromark-util-character": "^2.0.0",
        "micromark-util-symbol": "^2.0.0",
        "micromark-util-types": "^2.0.0"
      },
      "funding": {
        "type": "opencollective",
        "url": "https://opencollective.com/unified"
      }
    },
    "node_modules/micromark-factory-destination": {
      "version": "2.0.0",
      "funding": [
        {
          "type": "GitHub Sponsors",
          "url": "https://github.com/sponsors/unifiedjs"
        },
        {
          "type": "OpenCollective",
          "url": "https://opencollective.com/unified"
        }
      ],
      "license": "MIT",
      "dependencies": {
        "micromark-util-character": "^2.0.0",
        "micromark-util-symbol": "^2.0.0",
        "micromark-util-types": "^2.0.0"
      }
    },
    "node_modules/micromark-factory-label": {
      "version": "2.0.0",
      "funding": [
        {
          "type": "GitHub Sponsors",
          "url": "https://github.com/sponsors/unifiedjs"
        },
        {
          "type": "OpenCollective",
          "url": "https://opencollective.com/unified"
        }
      ],
      "license": "MIT",
      "dependencies": {
        "devlop": "^1.0.0",
        "micromark-util-character": "^2.0.0",
        "micromark-util-symbol": "^2.0.0",
        "micromark-util-types": "^2.0.0"
      }
    },
    "node_modules/micromark-factory-space": {
      "version": "2.0.0",
      "funding": [
        {
          "type": "GitHub Sponsors",
          "url": "https://github.com/sponsors/unifiedjs"
        },
        {
          "type": "OpenCollective",
          "url": "https://opencollective.com/unified"
        }
      ],
      "license": "MIT",
      "dependencies": {
        "micromark-util-character": "^2.0.0",
        "micromark-util-types": "^2.0.0"
      }
    },
    "node_modules/micromark-factory-title": {
      "version": "2.0.0",
      "funding": [
        {
          "type": "GitHub Sponsors",
          "url": "https://github.com/sponsors/unifiedjs"
        },
        {
          "type": "OpenCollective",
          "url": "https://opencollective.com/unified"
        }
      ],
      "license": "MIT",
      "dependencies": {
        "micromark-factory-space": "^2.0.0",
        "micromark-util-character": "^2.0.0",
        "micromark-util-symbol": "^2.0.0",
        "micromark-util-types": "^2.0.0"
      }
    },
    "node_modules/micromark-factory-whitespace": {
      "version": "2.0.0",
      "funding": [
        {
          "type": "GitHub Sponsors",
          "url": "https://github.com/sponsors/unifiedjs"
        },
        {
          "type": "OpenCollective",
          "url": "https://opencollective.com/unified"
        }
      ],
      "license": "MIT",
      "dependencies": {
        "micromark-factory-space": "^2.0.0",
        "micromark-util-character": "^2.0.0",
        "micromark-util-symbol": "^2.0.0",
        "micromark-util-types": "^2.0.0"
      }
    },
    "node_modules/micromark-util-character": {
      "version": "2.1.0",
      "funding": [
        {
          "type": "GitHub Sponsors",
          "url": "https://github.com/sponsors/unifiedjs"
        },
        {
          "type": "OpenCollective",
          "url": "https://opencollective.com/unified"
        }
      ],
      "license": "MIT",
      "dependencies": {
        "micromark-util-symbol": "^2.0.0",
        "micromark-util-types": "^2.0.0"
      }
    },
    "node_modules/micromark-util-chunked": {
      "version": "2.0.0",
      "funding": [
        {
          "type": "GitHub Sponsors",
          "url": "https://github.com/sponsors/unifiedjs"
        },
        {
          "type": "OpenCollective",
          "url": "https://opencollective.com/unified"
        }
      ],
      "license": "MIT",
      "dependencies": {
        "micromark-util-symbol": "^2.0.0"
      }
    },
    "node_modules/micromark-util-classify-character": {
      "version": "2.0.0",
      "funding": [
        {
          "type": "GitHub Sponsors",
          "url": "https://github.com/sponsors/unifiedjs"
        },
        {
          "type": "OpenCollective",
          "url": "https://opencollective.com/unified"
        }
      ],
      "license": "MIT",
      "dependencies": {
        "micromark-util-character": "^2.0.0",
        "micromark-util-symbol": "^2.0.0",
        "micromark-util-types": "^2.0.0"
      }
    },
    "node_modules/micromark-util-combine-extensions": {
      "version": "2.0.0",
      "funding": [
        {
          "type": "GitHub Sponsors",
          "url": "https://github.com/sponsors/unifiedjs"
        },
        {
          "type": "OpenCollective",
          "url": "https://opencollective.com/unified"
        }
      ],
      "license": "MIT",
      "dependencies": {
        "micromark-util-chunked": "^2.0.0",
        "micromark-util-types": "^2.0.0"
      }
    },
    "node_modules/micromark-util-decode-numeric-character-reference": {
      "version": "2.0.1",
      "funding": [
        {
          "type": "GitHub Sponsors",
          "url": "https://github.com/sponsors/unifiedjs"
        },
        {
          "type": "OpenCollective",
          "url": "https://opencollective.com/unified"
        }
      ],
      "license": "MIT",
      "dependencies": {
        "micromark-util-symbol": "^2.0.0"
      }
    },
    "node_modules/micromark-util-decode-string": {
      "version": "2.0.0",
      "funding": [
        {
          "type": "GitHub Sponsors",
          "url": "https://github.com/sponsors/unifiedjs"
        },
        {
          "type": "OpenCollective",
          "url": "https://opencollective.com/unified"
        }
      ],
      "license": "MIT",
      "dependencies": {
        "decode-named-character-reference": "^1.0.0",
        "micromark-util-character": "^2.0.0",
        "micromark-util-decode-numeric-character-reference": "^2.0.0",
        "micromark-util-symbol": "^2.0.0"
      }
    },
    "node_modules/micromark-util-encode": {
      "version": "2.0.0",
      "funding": [
        {
          "type": "GitHub Sponsors",
          "url": "https://github.com/sponsors/unifiedjs"
        },
        {
          "type": "OpenCollective",
          "url": "https://opencollective.com/unified"
        }
      ],
      "license": "MIT"
    },
    "node_modules/micromark-util-html-tag-name": {
      "version": "2.0.0",
      "funding": [
        {
          "type": "GitHub Sponsors",
          "url": "https://github.com/sponsors/unifiedjs"
        },
        {
          "type": "OpenCollective",
          "url": "https://opencollective.com/unified"
        }
      ],
      "license": "MIT"
    },
    "node_modules/micromark-util-normalize-identifier": {
      "version": "2.0.0",
      "funding": [
        {
          "type": "GitHub Sponsors",
          "url": "https://github.com/sponsors/unifiedjs"
        },
        {
          "type": "OpenCollective",
          "url": "https://opencollective.com/unified"
        }
      ],
      "license": "MIT",
      "dependencies": {
        "micromark-util-symbol": "^2.0.0"
      }
    },
    "node_modules/micromark-util-resolve-all": {
      "version": "2.0.0",
      "funding": [
        {
          "type": "GitHub Sponsors",
          "url": "https://github.com/sponsors/unifiedjs"
        },
        {
          "type": "OpenCollective",
          "url": "https://opencollective.com/unified"
        }
      ],
      "license": "MIT",
      "dependencies": {
        "micromark-util-types": "^2.0.0"
      }
    },
    "node_modules/micromark-util-sanitize-uri": {
      "version": "2.0.0",
      "funding": [
        {
          "type": "GitHub Sponsors",
          "url": "https://github.com/sponsors/unifiedjs"
        },
        {
          "type": "OpenCollective",
          "url": "https://opencollective.com/unified"
        }
      ],
      "license": "MIT",
      "dependencies": {
        "micromark-util-character": "^2.0.0",
        "micromark-util-encode": "^2.0.0",
        "micromark-util-symbol": "^2.0.0"
      }
    },
    "node_modules/micromark-util-subtokenize": {
      "version": "2.0.1",
      "funding": [
        {
          "type": "GitHub Sponsors",
          "url": "https://github.com/sponsors/unifiedjs"
        },
        {
          "type": "OpenCollective",
          "url": "https://opencollective.com/unified"
        }
      ],
      "license": "MIT",
      "dependencies": {
        "devlop": "^1.0.0",
        "micromark-util-chunked": "^2.0.0",
        "micromark-util-symbol": "^2.0.0",
        "micromark-util-types": "^2.0.0"
      }
    },
    "node_modules/micromark-util-symbol": {
      "version": "2.0.0",
      "funding": [
        {
          "type": "GitHub Sponsors",
          "url": "https://github.com/sponsors/unifiedjs"
        },
        {
          "type": "OpenCollective",
          "url": "https://opencollective.com/unified"
        }
      ],
      "license": "MIT"
    },
    "node_modules/micromark-util-types": {
      "version": "2.0.0",
      "funding": [
        {
          "type": "GitHub Sponsors",
          "url": "https://github.com/sponsors/unifiedjs"
        },
        {
          "type": "OpenCollective",
          "url": "https://opencollective.com/unified"
        }
      ],
      "license": "MIT"
    },
    "node_modules/ms": {
      "version": "2.1.2",
      "license": "MIT"
    },
    "node_modules/object-assign": {
      "version": "4.1.1",
      "license": "MIT",
      "engines": {
        "node": ">=0.10.0"
      }
    },
    "node_modules/parse-entities": {
      "version": "4.0.1",
      "license": "MIT",
      "dependencies": {
        "@types/unist": "^2.0.0",
        "character-entities": "^2.0.0",
        "character-entities-legacy": "^3.0.0",
        "character-reference-invalid": "^2.0.0",
        "decode-named-character-reference": "^1.0.0",
        "is-alphanumerical": "^2.0.0",
        "is-decimal": "^2.0.0",
        "is-hexadecimal": "^2.0.0"
      },
      "funding": {
        "type": "github",
        "url": "https://github.com/sponsors/wooorm"
      }
    },
    "node_modules/parse-entities/node_modules/@types/unist": {
      "version": "2.0.10",
      "license": "MIT"
    },
    "node_modules/prop-types": {
      "version": "15.8.1",
      "license": "MIT",
      "dependencies": {
        "loose-envify": "^1.4.0",
        "object-assign": "^4.1.1",
        "react-is": "^16.13.1"
      }
    },
    "node_modules/prop-types-extra": {
      "version": "1.1.1",
      "license": "MIT",
      "dependencies": {
        "react-is": "^16.3.2",
        "warning": "^4.0.0"
      },
      "peerDependencies": {
        "react": ">=0.14.0"
      }
    },
    "node_modules/property-information": {
      "version": "6.5.0",
      "license": "MIT",
      "funding": {
        "type": "github",
        "url": "https://github.com/sponsors/wooorm"
      }
    },
    "node_modules/react": {
      "version": "18.3.1",
      "resolved": "https://registry.npmjs.org/react/-/react-18.3.1.tgz",
      "integrity": "sha512-wS+hAgJShR0KhEvPJArfuPVN1+Hz1t0Y6n5jLrGQbkb4urgPE/0Rve+1kMB1v/oWgHgm4WIcV+i7F2pTVj+2iQ==",
      "dependencies": {
        "loose-envify": "^1.1.0"
      },
      "engines": {
        "node": ">=0.10.0"
      }
    },
    "node_modules/react-bootstrap": {
      "version": "2.10.2",
      "license": "MIT",
      "dependencies": {
        "@babel/runtime": "^7.22.5",
        "@restart/hooks": "^0.4.9",
        "@restart/ui": "^1.6.8",
        "@types/react-transition-group": "^4.4.6",
        "classnames": "^2.3.2",
        "dom-helpers": "^5.2.1",
        "invariant": "^2.2.4",
        "prop-types": "^15.8.1",
        "prop-types-extra": "^1.1.0",
        "react-transition-group": "^4.4.5",
        "uncontrollable": "^7.2.1",
        "warning": "^4.0.3"
      },
      "peerDependencies": {
        "@types/react": ">=16.14.8",
        "react": ">=16.14.0",
        "react-dom": ">=16.14.0"
      },
      "peerDependenciesMeta": {
        "@types/react": {
          "optional": true
        }
      }
    },
    "node_modules/react-dom": {
      "version": "18.3.1",
      "resolved": "https://registry.npmjs.org/react-dom/-/react-dom-18.3.1.tgz",
      "integrity": "sha512-5m4nQKp+rZRb09LNH59GM4BxTh9251/ylbKIbpe7TpGxfJ+9kv6BLkLBXIjjspbgbnIBNqlI23tRnTWT0snUIw==",
      "dependencies": {
        "loose-envify": "^1.1.0",
        "scheduler": "^0.23.2"
      },
      "peerDependencies": {
        "react": "^18.3.1"
      }
    },
    "node_modules/react-is": {
      "version": "16.13.1",
      "license": "MIT"
    },
    "node_modules/react-lifecycles-compat": {
      "version": "3.0.4",
      "license": "MIT"
    },
    "node_modules/react-transition-group": {
      "version": "4.4.5",
      "license": "BSD-3-Clause",
      "dependencies": {
        "@babel/runtime": "^7.5.5",
        "dom-helpers": "^5.0.1",
        "loose-envify": "^1.4.0",
        "prop-types": "^15.6.2"
      },
      "peerDependencies": {
        "react": ">=16.6.0",
        "react-dom": ">=16.6.0"
      }
    },
    "node_modules/regenerator-runtime": {
      "version": "0.14.1",
      "license": "MIT"
    },
    "node_modules/remark": {
      "version": "15.0.1",
      "license": "MIT",
      "dependencies": {
        "@types/mdast": "^4.0.0",
        "remark-parse": "^11.0.0",
        "remark-stringify": "^11.0.0",
        "unified": "^11.0.0"
      },
      "funding": {
        "type": "opencollective",
        "url": "https://opencollective.com/unified"
      }
    },
    "node_modules/remark-breaks": {
      "version": "4.0.0",
      "license": "MIT",
      "dependencies": {
        "@types/mdast": "^4.0.0",
        "mdast-util-newline-to-break": "^2.0.0",
        "unified": "^11.0.0"
      },
      "funding": {
        "type": "opencollective",
        "url": "https://opencollective.com/unified"
      }
    },
    "node_modules/remark-directive": {
      "version": "3.0.0",
      "license": "MIT",
      "dependencies": {
        "@types/mdast": "^4.0.0",
        "mdast-util-directive": "^3.0.0",
        "micromark-extension-directive": "^3.0.0",
        "unified": "^11.0.0"
      },
      "funding": {
        "type": "opencollective",
        "url": "https://opencollective.com/unified"
      }
    },
    "node_modules/remark-extract-frontmatter": {
      "version": "3.2.0",
      "license": "MIT"
    },
    "node_modules/remark-frontmatter": {
      "version": "5.0.0",
      "license": "MIT",
      "dependencies": {
        "@types/mdast": "^4.0.0",
        "mdast-util-frontmatter": "^2.0.0",
        "micromark-extension-frontmatter": "^2.0.0",
        "unified": "^11.0.0"
      },
      "funding": {
        "type": "opencollective",
        "url": "https://opencollective.com/unified"
      }
    },
    "node_modules/remark-parse": {
      "version": "11.0.0",
      "license": "MIT",
      "dependencies": {
        "@types/mdast": "^4.0.0",
        "mdast-util-from-markdown": "^2.0.0",
        "micromark-util-types": "^2.0.0",
        "unified": "^11.0.0"
      },
      "funding": {
        "type": "opencollective",
        "url": "https://opencollective.com/unified"
      }
    },
    "node_modules/remark-stringify": {
      "version": "11.0.0",
      "license": "MIT",
      "dependencies": {
        "@types/mdast": "^4.0.0",
        "mdast-util-to-markdown": "^2.0.0",
        "unified": "^11.0.0"
      },
      "funding": {
        "type": "opencollective",
        "url": "https://opencollective.com/unified"
      }
    },
    "node_modules/scheduler": {
      "version": "0.23.2",
      "resolved": "https://registry.npmjs.org/scheduler/-/scheduler-0.23.2.tgz",
      "integrity": "sha512-UOShsPwz7NrMUqhR6t0hWjFduvOzbtv7toDH1/hIrfRNIDBnnBWd0CwJTGvTpngVlmwGCdP9/Zl/tVrDqcuYzQ==",
      "dependencies": {
        "loose-envify": "^1.1.0"
      }
    },
    "node_modules/space-separated-tokens": {
      "version": "2.0.2",
      "license": "MIT",
      "funding": {
        "type": "github",
        "url": "https://github.com/sponsors/wooorm"
      }
    },
    "node_modules/stringify-entities": {
      "version": "4.0.4",
      "license": "MIT",
      "dependencies": {
        "character-entities-html4": "^2.0.0",
        "character-entities-legacy": "^3.0.0"
      },
      "funding": {
        "type": "github",
        "url": "https://github.com/sponsors/wooorm"
      }
    },
    "node_modules/trough": {
      "version": "2.2.0",
      "license": "MIT",
      "funding": {
        "type": "github",
        "url": "https://github.com/sponsors/wooorm"
      }
    },
    "node_modules/tslib": {
      "version": "2.6.2",
      "license": "0BSD"
    },
    "node_modules/typescript": {
      "version": "5.4.5",
      "license": "Apache-2.0",
      "peer": true,
      "bin": {
        "tsc": "bin/tsc",
        "tsserver": "bin/tsserver"
      },
      "engines": {
        "node": ">=14.17"
      }
    },
    "node_modules/uncontrollable": {
      "version": "7.2.1",
      "license": "MIT",
      "dependencies": {
        "@babel/runtime": "^7.6.3",
        "@types/react": ">=16.9.11",
        "invariant": "^2.2.4",
        "react-lifecycles-compat": "^3.0.4"
      },
      "peerDependencies": {
        "react": ">=15.0.0"
      }
    },
    "node_modules/undici-types": {
      "version": "5.26.5",
      "dev": true,
      "license": "MIT"
    },
    "node_modules/unified": {
      "version": "11.0.4",
      "license": "MIT",
      "dependencies": {
        "@types/unist": "^3.0.0",
        "bail": "^2.0.0",
        "devlop": "^1.0.0",
        "extend": "^3.0.0",
        "is-plain-obj": "^4.0.0",
        "trough": "^2.0.0",
        "vfile": "^6.0.0"
      },
      "funding": {
        "type": "opencollective",
        "url": "https://opencollective.com/unified"
      }
    },
    "node_modules/unist-util-inspect": {
      "version": "8.0.0",
      "license": "MIT",
      "dependencies": {
        "@types/unist": "^3.0.0"
      },
      "funding": {
        "type": "opencollective",
        "url": "https://opencollective.com/unified"
      }
    },
    "node_modules/unist-util-is": {
      "version": "6.0.0",
      "license": "MIT",
      "dependencies": {
        "@types/unist": "^3.0.0"
      },
      "funding": {
        "type": "opencollective",
        "url": "https://opencollective.com/unified"
      }
    },
    "node_modules/unist-util-stringify-position": {
      "version": "4.0.0",
      "license": "MIT",
      "dependencies": {
        "@types/unist": "^3.0.0"
      },
      "funding": {
        "type": "opencollective",
        "url": "https://opencollective.com/unified"
      }
    },
    "node_modules/unist-util-visit": {
      "version": "5.0.0",
      "license": "MIT",
      "dependencies": {
        "@types/unist": "^3.0.0",
        "unist-util-is": "^6.0.0",
        "unist-util-visit-parents": "^6.0.0"
      },
      "funding": {
        "type": "opencollective",
        "url": "https://opencollective.com/unified"
      }
    },
    "node_modules/unist-util-visit-parents": {
      "version": "6.0.1",
      "license": "MIT",
      "dependencies": {
        "@types/unist": "^3.0.0",
        "unist-util-is": "^6.0.0"
      },
      "funding": {
        "type": "opencollective",
        "url": "https://opencollective.com/unified"
      }
    },
    "node_modules/vfile": {
      "version": "6.0.1",
      "license": "MIT",
      "dependencies": {
        "@types/unist": "^3.0.0",
        "unist-util-stringify-position": "^4.0.0",
        "vfile-message": "^4.0.0"
      },
      "funding": {
        "type": "opencollective",
        "url": "https://opencollective.com/unified"
      }
    },
    "node_modules/vfile-message": {
      "version": "4.0.2",
      "license": "MIT",
      "dependencies": {
        "@types/unist": "^3.0.0",
        "unist-util-stringify-position": "^4.0.0"
      },
      "funding": {
        "type": "opencollective",
        "url": "https://opencollective.com/unified"
      }
    },
    "node_modules/warning": {
      "version": "4.0.3",
      "license": "MIT",
      "dependencies": {
        "loose-envify": "^1.0.0"
      }
    },
    "node_modules/yaml": {
      "version": "2.4.2",
      "license": "ISC",
      "bin": {
        "yaml": "bin.mjs"
      },
      "engines": {
        "node": ">= 14"
      }
    },
    "node_modules/zwitch": {
      "version": "2.0.4",
      "license": "MIT",
      "funding": {
        "type": "github",
        "url": "https://github.com/sponsors/wooorm"
      }
    }
  }
}
